{
    "name": "botex",
    "version": "0.0.0",
    "lockfileVersion": 1,
    "requires": true,
    "dependencies": {
        "dresscode-bricks": {
            "version": "0.2.2",
            "resolved": "https://registry.npmjs.org/dresscode-bricks/-/dresscode-bricks-0.2.2.tgz",
            "integrity": "sha512-Yl0u2LF33pxTBG3rYW7PucEuNUfqUX/bHnGv9bUU3TIj1lPDXd5wo+8dnXu8s0lo8zmsMrRKxpf7bBrnuVvUhA=="
        },
        "dresscode-ponyfills": {
            "version": "1.0.1",
            "resolved": "https://registry.npmjs.org/dresscode-ponyfills/-/dresscode-ponyfills-1.0.1.tgz",
            "integrity": "sha512-zy8Eg+UbIFRYaAYsQwlxztQblDjWrY101vUZQALWrFrDG64bAEh3O2O4Jz2V6EtRqnV5lBR/uIVpXnHpsyYDZw=="
        },
        "dresscodejs": {
            "version": "1.0.3",
            "resolved": "https://registry.npmjs.org/dresscodejs/-/dresscodejs-1.0.3.tgz",
            "integrity": "sha512-pHvx3K/MbLykn6nK2INtFYMrl/9YdWuXM4UfnF4W+n91vrXO+759yuBoEp6uMBPvTwVQdBvWOWcLOJML2Hn4Qg==",
            "requires": {
                "esprima": "^4.0.1",
                "iclass": "0.0.2",
                "jossy": "^1.3.0"
            }
        },
        "esprima": {
            "version": "4.0.1",
            "resolved": "https://registry.npmjs.org/esprima/-/esprima-4.0.1.tgz",
            "integrity": "sha512-eGuFFw7Upda+g4p+QHvnW0RyTX/SVeJBDM/gCtMARO0cLuT2HcEKnTPvhjV6aGeqrCB/sbNop0Kszm0jsaWU4A=="
        },
        "iclass": {
            "version": "0.0.2",
            "resolved": "https://registry.npmjs.org/iclass/-/iclass-0.0.2.tgz",
            "integrity": "sha1-GHpDWbSPQc/6BbwjBb2ZvFDt85w="
        },
        "jossy": {
            "version": "1.3.0",
            "resolved": "https://registry.npmjs.org/jossy/-/jossy-1.3.0.tgz",
            "integrity": "sha512-i6r8gD5VZFCLj+KV7GUuhZ5BQA+4iMTB0FpvQW8HgxW1/A8+zp+CiiM+e6W4I3DzMyy/Epbtxs4UAPaENe1eSQ==",
            "requires": {
                "iclass": "^0.0.2",
                "lblr-parser": "^1.0.3"
            }
        },
        "lblr-parser": {
            "version": "1.0.3",
            "resolved": "https://registry.npmjs.org/lblr-parser/-/lblr-parser-1.0.3.tgz",
            "integrity": "sha1-1b5ortCOvFLs0HyaqIfgRPsf9Fc=",
            "requires": {
                "iclass": "0.0.4"
            },
            "dependencies": {
                "iclass": {
                    "version": "0.0.4",
                    "resolved": "https://registry.npmjs.org/iclass/-/iclass-0.0.4.tgz",
                    "integrity": "sha1-e3LPc9LnGOoVOa/KAUxZEyZVbXM="
                }
            }
        }
    }
}
