{
    "name": "botex",
    "version": "0.0.0",
    "lockfileVersion": 1,
    "requires": true,
    "dependencies": {
        "dresscode-bricks": {
            "version": "0.1.2",
            "resolved": "https://registry.npmjs.org/dresscode-bricks/-/dresscode-bricks-0.1.2.tgz",
            "integrity": "sha512-U44JMYnFINqaULgllFDU2VbuXPF/D+gK3RGWZ7Afp7789gtHxUV4JWY3/dZR4mqaN/LFB4DN0jlJRlDiTBmaGQ=="
        },
        "dresscode-ponyfills": {
            "version": "1.0.1",
            "resolved": "https://registry.npmjs.org/dresscode-ponyfills/-/dresscode-ponyfills-1.0.1.tgz",
            "integrity": "sha512-zy8Eg+UbIFRYaAYsQwlxztQblDjWrY101vUZQALWrFrDG64bAEh3O2O4Jz2V6EtRqnV5lBR/uIVpXnHpsyYDZw=="
        }
    }
}
