{
    "name": "botex",
    "version": "0.0.0",
    "lockfileVersion": 1,
    "requires": true,
    "dependencies": {
        "dresscode-bricks": {
            "version": "0.1.1",
            "resolved": "https://registry.npmjs.org/dresscode-bricks/-/dresscode-bricks-0.1.1.tgz",
            "integrity": "sha512-0JmgY9pj6GMJJMgucU52LFtxZry0pS42ldp4ApLk2B3Jb9Yte8NGJG3ZqcI9fkTX/60LZI20UvP4W+VkWOig1g=="
        },
        "dresscode-ponyfills": {
            "version": "1.0.1",
            "resolved": "https://registry.npmjs.org/dresscode-ponyfills/-/dresscode-ponyfills-1.0.1.tgz",
            "integrity": "sha512-zy8Eg+UbIFRYaAYsQwlxztQblDjWrY101vUZQALWrFrDG64bAEh3O2O4Jz2V6EtRqnV5lBR/uIVpXnHpsyYDZw=="
        }
    }
}
